
Microsoft Visual Studio Solution File, Format Version 12.00
# Visual Studio Version 17
VisualStudioVersion = 17.14.36414.22 d17.14
MinimumVisualStudioVersion = 10.0.40219.1
Project("{54A90642-561A-4BB1-A94E-469ADEE60C69}") = "georoute", "Georoute\georoute.esproj", "{A3BFE16E-5FDC-040D-F338-3C693DE5AFB0}"
EndProject
Global
	GlobalSection(SolutionConfigurationPlatforms) = preSolution
		Debug|Any CPU = Debug|Any CPU
		Release|Any CPU = Release|Any CPU
	EndGlobalSection
	GlobalSection(ProjectConfigurationPlatforms) = postSolution
		{A3BFE16E-5FDC-040D-F338-3C693DE5AFB0}.Debug|Any CPU.ActiveCfg = Debug|Any CPU
		{A3BFE16E-5FDC-040D-F338-3C693DE5AFB0}.Debug|Any CPU.Build.0 = Debug|Any CPU
		{A3BFE16E-5FDC-040D-F338-3C693DE5AFB0}.Debug|Any CPU.Deploy.0 = Debug|Any CPU
		{A3BFE16E-5FDC-040D-F338-3C693DE5AFB0}.Release|Any CPU.ActiveCfg = Release|Any CPU
		{A3BFE16E-5FDC-040D-F338-3C693DE5AFB0}.Release|Any CPU.Build.0 = Release|Any CPU
		{A3BFE16E-5FDC-040D-F338-3C693DE5AFB0}.Release|Any CPU.Deploy.0 = Release|Any CPU
	EndGlobalSection
	GlobalSection(SolutionProperties) = preSolution
		HideSolutionNode = FALSE
	EndGlobalSection
	GlobalSection(ExtensibilityGlobals) = postSolution
		SolutionGuid = {096EC856-7FAA-4D09-8406-2D8291C5B2A8}
	EndGlobalSection
EndGlobal
